
Microsoft Visual Studio Solution File, Format Version 12.00
# Visual Studio 15
VisualStudioVersion = 15.0.28307.960
MinimumVisualStudioVersion = 10.0.40219.1
Project("{FAE04EC0-301F-11D3-BF4B-00C04F79EFBC}") = "TennisKata", "TennisKata\TennisKata.csproj", "{4A072136-8542-4DE9-A9B9-F67B5A41CFA2}"
EndProject
Project("{FAE04EC0-301F-11D3-BF4B-00C04F79EFBC}") = "TennisKata.Tests", "TennisKata.Tests\TennisKata.Tests.csproj", "{23BF88FE-73B7-4AA2-A690-CED5BE80767D}"
EndProject
Global
	GlobalSection(SolutionConfigurationPlatforms) = preSolution
		Debug|Any CPU = Debug|Any CPU
		Release|Any CPU = Release|Any CPU
	EndGlobalSection
	GlobalSection(ProjectConfigurationPlatforms) = postSolution
		{4A072136-8542-4DE9-A9B9-F67B5A41CFA2}.Debug|Any CPU.ActiveCfg = Debug|Any CPU
		{4A072136-8542-4DE9-A9B9-F67B5A41CFA2}.Debug|Any CPU.Build.0 = Debug|Any CPU
		{4A072136-8542-4DE9-A9B9-F67B5A41CFA2}.Release|Any CPU.ActiveCfg = Release|Any CPU
		{4A072136-8542-4DE9-A9B9-F67B5A41CFA2}.Release|Any CPU.Build.0 = Release|Any CPU
		{23BF88FE-73B7-4AA2-A690-CED5BE80767D}.Debug|Any CPU.ActiveCfg = Debug|Any CPU
		{23BF88FE-73B7-4AA2-A690-CED5BE80767D}.Debug|Any CPU.Build.0 = Debug|Any CPU
		{23BF88FE-73B7-4AA2-A690-CED5BE80767D}.Release|Any CPU.ActiveCfg = Release|Any CPU
		{23BF88FE-73B7-4AA2-A690-CED5BE80767D}.Release|Any CPU.Build.0 = Release|Any CPU
	EndGlobalSection
	GlobalSection(SolutionProperties) = preSolution
		HideSolutionNode = FALSE
	EndGlobalSection
	GlobalSection(ExtensibilityGlobals) = postSolution
		SolutionGuid = {654B67F2-2870-4C89-9490-1CCD9F56DEA8}
	EndGlobalSection
EndGlobal
